
Microsoft Visual Studio Solution File, Format Version 12.00
# Visual Studio Version 17
VisualStudioVersion = 17.4.33213.308
MinimumVisualStudioVersion = 10.0.40219.1
Project("{FAE04EC0-301F-11D3-BF4B-00C04F79EFBC}") = "ConsoleApp1", "ConsoleApp1.csproj", "{DD1A615E-2081-4FCC-8087-8579C0129F02}"
EndProject
Global
	GlobalSection(SolutionConfigurationPlatforms) = preSolution
		Debug|Any CPU = Debug|Any CPU
		Release|Any CPU = Release|Any CPU
	EndGlobalSection
	GlobalSection(ProjectConfigurationPlatforms) = postSolution
		{DD1A615E-2081-4FCC-8087-8579C0129F02}.Debug|Any CPU.ActiveCfg = Debug|Any CPU
		{DD1A615E-2081-4FCC-8087-8579C0129F02}.Debug|Any CPU.Build.0 = Debug|Any CPU
		{DD1A615E-2081-4FCC-8087-8579C0129F02}.Release|Any CPU.ActiveCfg = Release|Any CPU
		{DD1A615E-2081-4FCC-8087-8579C0129F02}.Release|Any CPU.Build.0 = Release|Any CPU
	EndGlobalSection
	GlobalSection(SolutionProperties) = preSolution
		HideSolutionNode = FALSE
	EndGlobalSection
	GlobalSection(ExtensibilityGlobals) = postSolution
		SolutionGuid = {9EBA0E4A-5A2A-4947-8753-23AA326A4D0D}
	EndGlobalSection
EndGlobal
